
Microsoft Visual Studio Solution File, Format Version 12.00
# Visual Studio Version 16
VisualStudioVersion = 16.0.28729.10
MinimumVisualStudioVersion = 11.0.50727.42
Project("{8BC9CEB8-8B4A-11D0-8D11-00A0C91BC942}") = "QSVEnc", "QSVEnc\QSVEnc.vcxproj", "{05D4409E-70DD-489B-9A83-268E6CB1B4C5}"
EndProject
Project("{8BC9CEB8-8B4A-11D0-8D11-00A0C91BC942}") = "QSVEncC", "QSVEncC\QSVEncC.vcxproj", "{09239F87-B73E-4EC0-98BF-1BF4795912AF}"
EndProject
Project("{8BC9CEB8-8B4A-11D0-8D11-00A0C91BC942}") = "QSVPipeline", "QSVPipeline\QSVPipeline.vcxproj", "{A63CE263-8735-4405-8860-011A12A80DEF}"
EndProject
Project("{888888A0-9F3D-457C-B088-3A5042F75D52}") = "PerfMonitor", "PerfMonitor\PerfMonitor.pyproj", "{AAFD9B24-85E4-4D10-ACA5-9C0A439C4D61}"
EndProject
Project("{8BC9CEB8-8B4A-11D0-8D11-00A0C91BC942}") = "tinyxml2", "tinyxml2\tinyxml2.vcxproj", "{A34CA86D-6C2B-482F-984E-2687459E65E9}"
EndProject
Project("{8BC9CEB8-8B4A-11D0-8D11-00A0C91BC942}") = "clRNG", "clRNG.vcxproj", "{391C0E63-2ABD-4F61-8F32-AC6CD8321D34}"
EndProject
Global
	GlobalSection(SolutionConfigurationPlatforms) = preSolution
		Debug|Any CPU = Debug|Any CPU
		Debug|Win32 = Debug|Win32
		Debug|x64 = Debug|x64
		DebugStatic|Any CPU = DebugStatic|Any CPU
		DebugStatic|Win32 = DebugStatic|Win32
		DebugStatic|x64 = DebugStatic|x64
		Release|Any CPU = Release|Any CPU
		Release|Win32 = Release|Win32
		Release|x64 = Release|x64
		ReleaseStatic|Any CPU = ReleaseStatic|Any CPU
		ReleaseStatic|Win32 = ReleaseStatic|Win32
		ReleaseStatic|x64 = ReleaseStatic|x64
		RelStatic|Any CPU = RelStatic|Any CPU
		RelStatic|Win32 = RelStatic|Win32
		RelStatic|x64 = RelStatic|x64
	EndGlobalSection
	GlobalSection(ProjectConfigurationPlatforms) = postSolution
		{05D4409E-70DD-489B-9A83-268E6CB1B4C5}.Debug|Any CPU.ActiveCfg = Debug|Win32
		{05D4409E-70DD-489B-9A83-268E6CB1B4C5}.Debug|Win32.ActiveCfg = Debug|Win32
		{05D4409E-70DD-489B-9A83-268E6CB1B4C5}.Debug|Win32.Build.0 = Debug|Win32
		{05D4409E-70DD-489B-9A83-268E6CB1B4C5}.Debug|x64.ActiveCfg = Debug|x64
		{05D4409E-70DD-489B-9A83-268E6CB1B4C5}.DebugStatic|Any CPU.ActiveCfg = DebugStatic|Win32
		{05D4409E-70DD-489B-9A83-268E6CB1B4C5}.DebugStatic|Win32.ActiveCfg = DebugStatic|Win32
		{05D4409E-70DD-489B-9A83-268E6CB1B4C5}.DebugStatic|x64.ActiveCfg = DebugStatic|x64
		{05D4409E-70DD-489B-9A83-268E6CB1B4C5}.Release|Any CPU.ActiveCfg = Release|Win32
		{05D4409E-70DD-489B-9A83-268E6CB1B4C5}.Release|Win32.ActiveCfg = Release|Win32
		{05D4409E-70DD-489B-9A83-268E6CB1B4C5}.Release|Win32.Build.0 = Release|Win32
		{05D4409E-70DD-489B-9A83-268E6CB1B4C5}.Release|x64.ActiveCfg = Release|x64
		{05D4409E-70DD-489B-9A83-268E6CB1B4C5}.ReleaseStatic|Any CPU.ActiveCfg = ReleaseStatic|Win32
		{05D4409E-70DD-489B-9A83-268E6CB1B4C5}.ReleaseStatic|Win32.ActiveCfg = ReleaseStatic|Win32
		{05D4409E-70DD-489B-9A83-268E6CB1B4C5}.ReleaseStatic|x64.ActiveCfg = ReleaseStatic|x64
		{05D4409E-70DD-489B-9A83-268E6CB1B4C5}.RelStatic|Any CPU.ActiveCfg = ReleaseStatic|x64
		{05D4409E-70DD-489B-9A83-268E6CB1B4C5}.RelStatic|Any CPU.Build.0 = ReleaseStatic|x64
		{05D4409E-70DD-489B-9A83-268E6CB1B4C5}.RelStatic|Win32.ActiveCfg = ReleaseStatic|Win32
		{05D4409E-70DD-489B-9A83-268E6CB1B4C5}.RelStatic|Win32.Build.0 = ReleaseStatic|Win32
		{05D4409E-70DD-489B-9A83-268E6CB1B4C5}.RelStatic|x64.ActiveCfg = ReleaseStatic|x64
		{05D4409E-70DD-489B-9A83-268E6CB1B4C5}.RelStatic|x64.Build.0 = ReleaseStatic|x64
		{09239F87-B73E-4EC0-98BF-1BF4795912AF}.Debug|Any CPU.ActiveCfg = Debug|Win32
		{09239F87-B73E-4EC0-98BF-1BF4795912AF}.Debug|Win32.ActiveCfg = Debug|Win32
		{09239F87-B73E-4EC0-98BF-1BF4795912AF}.Debug|x64.ActiveCfg = Debug|x64
		{09239F87-B73E-4EC0-98BF-1BF4795912AF}.DebugStatic|Any CPU.ActiveCfg = DebugStatic|Win32
		{09239F87-B73E-4EC0-98BF-1BF4795912AF}.DebugStatic|Win32.ActiveCfg = DebugStatic|Win32
		{09239F87-B73E-4EC0-98BF-1BF4795912AF}.DebugStatic|Win32.Build.0 = DebugStatic|Win32
		{09239F87-B73E-4EC0-98BF-1BF4795912AF}.DebugStatic|x64.ActiveCfg = DebugStatic|x64
		{09239F87-B73E-4EC0-98BF-1BF4795912AF}.DebugStatic|x64.Build.0 = DebugStatic|x64
		{09239F87-B73E-4EC0-98BF-1BF4795912AF}.Release|Any CPU.ActiveCfg = Release|Win32
		{09239F87-B73E-4EC0-98BF-1BF4795912AF}.Release|Win32.ActiveCfg = Release|Win32
		{09239F87-B73E-4EC0-98BF-1BF4795912AF}.Release|x64.ActiveCfg = Release|x64
		{09239F87-B73E-4EC0-98BF-1BF4795912AF}.ReleaseStatic|Any CPU.ActiveCfg = ReleaseStatic|Win32
		{09239F87-B73E-4EC0-98BF-1BF4795912AF}.ReleaseStatic|Win32.ActiveCfg = ReleaseStatic|Win32
		{09239F87-B73E-4EC0-98BF-1BF4795912AF}.ReleaseStatic|Win32.Build.0 = ReleaseStatic|Win32
		{09239F87-B73E-4EC0-98BF-1BF4795912AF}.ReleaseStatic|x64.ActiveCfg = ReleaseStatic|x64
		{09239F87-B73E-4EC0-98BF-1BF4795912AF}.ReleaseStatic|x64.Build.0 = ReleaseStatic|x64
		{09239F87-B73E-4EC0-98BF-1BF4795912AF}.RelStatic|Any CPU.ActiveCfg = ReleaseStatic|x64
		{09239F87-B73E-4EC0-98BF-1BF4795912AF}.RelStatic|Any CPU.Build.0 = ReleaseStatic|x64
		{09239F87-B73E-4EC0-98BF-1BF4795912AF}.RelStatic|Win32.ActiveCfg = ReleaseStatic|Win32
		{09239F87-B73E-4EC0-98BF-1BF4795912AF}.RelStatic|Win32.Build.0 = ReleaseStatic|Win32
		{09239F87-B73E-4EC0-98BF-1BF4795912AF}.RelStatic|x64.ActiveCfg = ReleaseStatic|x64
		{09239F87-B73E-4EC0-98BF-1BF4795912AF}.RelStatic|x64.Build.0 = ReleaseStatic|x64
		{A63CE263-8735-4405-8860-011A12A80DEF}.Debug|Any CPU.ActiveCfg = Debug|Win32
		{A63CE263-8735-4405-8860-011A12A80DEF}.Debug|Win32.ActiveCfg = Debug|Win32
		{A63CE263-8735-4405-8860-011A12A80DEF}.Debug|Win32.Build.0 = Debug|Win32
		{A63CE263-8735-4405-8860-011A12A80DEF}.Debug|x64.ActiveCfg = Debug|x64
		{A63CE263-8735-4405-8860-011A12A80DEF}.DebugStatic|Any CPU.ActiveCfg = DebugStatic|Win32
		{A63CE263-8735-4405-8860-011A12A80DEF}.DebugStatic|Win32.ActiveCfg = DebugStatic|Win32
		{A63CE263-8735-4405-8860-011A12A80DEF}.DebugStatic|Win32.Build.0 = DebugStatic|Win32
		{A63CE263-8735-4405-8860-011A12A80DEF}.DebugStatic|x64.ActiveCfg = DebugStatic|x64
		{A63CE263-8735-4405-8860-011A12A80DEF}.DebugStatic|x64.Build.0 = DebugStatic|x64
		{A63CE263-8735-4405-8860-011A12A80DEF}.Release|Any CPU.ActiveCfg = Release|Win32
		{A63CE263-8735-4405-8860-011A12A80DEF}.Release|Win32.ActiveCfg = Release|Win32
		{A63CE263-8735-4405-8860-011A12A80DEF}.Release|Win32.Build.0 = Release|Win32
		{A63CE263-8735-4405-8860-011A12A80DEF}.Release|x64.ActiveCfg = Release|x64
		{A63CE263-8735-4405-8860-011A12A80DEF}.ReleaseStatic|Any CPU.ActiveCfg = ReleaseStatic|Win32
		{A63CE263-8735-4405-8860-011A12A80DEF}.ReleaseStatic|Win32.ActiveCfg = ReleaseStatic|Win32
		{A63CE263-8735-4405-8860-011A12A80DEF}.ReleaseStatic|Win32.Build.0 = ReleaseStatic|Win32
		{A63CE263-8735-4405-8860-011A12A80DEF}.ReleaseStatic|x64.ActiveCfg = ReleaseStatic|x64
		{A63CE263-8735-4405-8860-011A12A80DEF}.ReleaseStatic|x64.Build.0 = ReleaseStatic|x64
		{A63CE263-8735-4405-8860-011A12A80DEF}.RelStatic|Any CPU.ActiveCfg = ReleaseStatic|x64
		{A63CE263-8735-4405-8860-011A12A80DEF}.RelStatic|Any CPU.Build.0 = ReleaseStatic|x64
		{A63CE263-8735-4405-8860-011A12A80DEF}.RelStatic|Win32.ActiveCfg = ReleaseStatic|Win32
		{A63CE263-8735-4405-8860-011A12A80DEF}.RelStatic|Win32.Build.0 = ReleaseStatic|Win32
		{A63CE263-8735-4405-8860-011A12A80DEF}.RelStatic|x64.ActiveCfg = ReleaseStatic|x64
		{A63CE263-8735-4405-8860-011A12A80DEF}.RelStatic|x64.Build.0 = ReleaseStatic|x64
		{AAFD9B24-85E4-4D10-ACA5-9C0A439C4D61}.Debug|Any CPU.ActiveCfg = Debug|Any CPU
		{AAFD9B24-85E4-4D10-ACA5-9C0A439C4D61}.Debug|Win32.ActiveCfg = Debug|Any CPU
		{AAFD9B24-85E4-4D10-ACA5-9C0A439C4D61}.Debug|x64.ActiveCfg = Debug|Any CPU
		{AAFD9B24-85E4-4D10-ACA5-9C0A439C4D61}.DebugStatic|Any CPU.ActiveCfg = Debug|Any CPU
		{AAFD9B24-85E4-4D10-ACA5-9C0A439C4D61}.DebugStatic|Win32.ActiveCfg = Debug|Any CPU
		{AAFD9B24-85E4-4D10-ACA5-9C0A439C4D61}.DebugStatic|x64.ActiveCfg = Debug|Any CPU
		{AAFD9B24-85E4-4D10-ACA5-9C0A439C4D61}.Release|Any CPU.ActiveCfg = Release|Any CPU
		{AAFD9B24-85E4-4D10-ACA5-9C0A439C4D61}.Release|Win32.ActiveCfg = Release|Any CPU
		{AAFD9B24-85E4-4D10-ACA5-9C0A439C4D61}.Release|x64.ActiveCfg = Release|Any CPU
		{AAFD9B24-85E4-4D10-ACA5-9C0A439C4D61}.ReleaseStatic|Any CPU.ActiveCfg = Release|Any CPU
		{AAFD9B24-85E4-4D10-ACA5-9C0A439C4D61}.ReleaseStatic|Win32.ActiveCfg = Release|Any CPU
		{AAFD9B24-85E4-4D10-ACA5-9C0A439C4D61}.ReleaseStatic|x64.ActiveCfg = Release|Any CPU
		{AAFD9B24-85E4-4D10-ACA5-9C0A439C4D61}.RelStatic|Any CPU.ActiveCfg = Release|Any CPU
		{AAFD9B24-85E4-4D10-ACA5-9C0A439C4D61}.RelStatic|Win32.ActiveCfg = Release|Any CPU
		{AAFD9B24-85E4-4D10-ACA5-9C0A439C4D61}.RelStatic|x64.ActiveCfg = Release|Any CPU
		{A34CA86D-6C2B-482F-984E-2687459E65E9}.Debug|Any CPU.ActiveCfg = Debug|Win32
		{A34CA86D-6C2B-482F-984E-2687459E65E9}.Debug|Win32.ActiveCfg = Debug|Win32
		{A34CA86D-6C2B-482F-984E-2687459E65E9}.Debug|x64.ActiveCfg = Debug|x64
		{A34CA86D-6C2B-482F-984E-2687459E65E9}.DebugStatic|Any CPU.ActiveCfg = Release|x64
		{A34CA86D-6C2B-482F-984E-2687459E65E9}.DebugStatic|Any CPU.Build.0 = Release|x64
		{A34CA86D-6C2B-482F-984E-2687459E65E9}.DebugStatic|Win32.ActiveCfg = DebugStatic|Win32
		{A34CA86D-6C2B-482F-984E-2687459E65E9}.DebugStatic|Win32.Build.0 = DebugStatic|Win32
		{A34CA86D-6C2B-482F-984E-2687459E65E9}.DebugStatic|x64.ActiveCfg = DebugStatic|x64
		{A34CA86D-6C2B-482F-984E-2687459E65E9}.DebugStatic|x64.Build.0 = DebugStatic|x64
		{A34CA86D-6C2B-482F-984E-2687459E65E9}.Release|Any CPU.ActiveCfg = Release|Win32
		{A34CA86D-6C2B-482F-984E-2687459E65E9}.Release|Win32.ActiveCfg = Release|Win32
		{A34CA86D-6C2B-482F-984E-2687459E65E9}.Release|x64.ActiveCfg = Release|x64
		{A34CA86D-6C2B-482F-984E-2687459E65E9}.ReleaseStatic|Any CPU.ActiveCfg = Release|x64
		{A34CA86D-6C2B-482F-984E-2687459E65E9}.ReleaseStatic|Any CPU.Build.0 = Release|x64
		{A34CA86D-6C2B-482F-984E-2687459E65E9}.ReleaseStatic|Win32.ActiveCfg = ReleaseStatic|Win32
		{A34CA86D-6C2B-482F-984E-2687459E65E9}.ReleaseStatic|Win32.Build.0 = ReleaseStatic|Win32
		{A34CA86D-6C2B-482F-984E-2687459E65E9}.ReleaseStatic|x64.ActiveCfg = ReleaseStatic|x64
		{A34CA86D-6C2B-482F-984E-2687459E65E9}.ReleaseStatic|x64.Build.0 = ReleaseStatic|x64
		{A34CA86D-6C2B-482F-984E-2687459E65E9}.RelStatic|Any CPU.ActiveCfg = ReleaseStatic|x64
		{A34CA86D-6C2B-482F-984E-2687459E65E9}.RelStatic|Any CPU.Build.0 = ReleaseStatic|x64
		{A34CA86D-6C2B-482F-984E-2687459E65E9}.RelStatic|Win32.ActiveCfg = ReleaseStatic|Win32
		{A34CA86D-6C2B-482F-984E-2687459E65E9}.RelStatic|Win32.Build.0 = ReleaseStatic|Win32
		{A34CA86D-6C2B-482F-984E-2687459E65E9}.RelStatic|x64.ActiveCfg = ReleaseStatic|x64
		{A34CA86D-6C2B-482F-984E-2687459E65E9}.RelStatic|x64.Build.0 = ReleaseStatic|x64
		{391C0E63-2ABD-4F61-8F32-AC6CD8321D34}.Debug|Any CPU.ActiveCfg = Debug|Win32
		{391C0E63-2ABD-4F61-8F32-AC6CD8321D34}.Debug|Win32.ActiveCfg = Debug|Win32
		{391C0E63-2ABD-4F61-8F32-AC6CD8321D34}.Debug|Win32.Build.0 = Debug|Win32
		{391C0E63-2ABD-4F61-8F32-AC6CD8321D34}.Debug|x64.ActiveCfg = Debug|x64
		{391C0E63-2ABD-4F61-8F32-AC6CD8321D34}.Debug|x64.Build.0 = Debug|x64
		{391C0E63-2ABD-4F61-8F32-AC6CD8321D34}.DebugStatic|Any CPU.ActiveCfg = DebugStatic|Win32
		{391C0E63-2ABD-4F61-8F32-AC6CD8321D34}.DebugStatic|Win32.ActiveCfg = DebugStatic|Win32
		{391C0E63-2ABD-4F61-8F32-AC6CD8321D34}.DebugStatic|Win32.Build.0 = DebugStatic|Win32
		{391C0E63-2ABD-4F61-8F32-AC6CD8321D34}.DebugStatic|x64.ActiveCfg = DebugStatic|x64
		{391C0E63-2ABD-4F61-8F32-AC6CD8321D34}.DebugStatic|x64.Build.0 = DebugStatic|x64
		{391C0E63-2ABD-4F61-8F32-AC6CD8321D34}.Release|Any CPU.ActiveCfg = Release|Win32
		{391C0E63-2ABD-4F61-8F32-AC6CD8321D34}.Release|Win32.ActiveCfg = Release|Win32
		{391C0E63-2ABD-4F61-8F32-AC6CD8321D34}.Release|Win32.Build.0 = Release|Win32
		{391C0E63-2ABD-4F61-8F32-AC6CD8321D34}.Release|x64.ActiveCfg = Release|x64
		{391C0E63-2ABD-4F61-8F32-AC6CD8321D34}.Release|x64.Build.0 = Release|x64
		{391C0E63-2ABD-4F61-8F32-AC6CD8321D34}.ReleaseStatic|Any CPU.ActiveCfg = Debug|Win32
		{391C0E63-2ABD-4F61-8F32-AC6CD8321D34}.ReleaseStatic|Any CPU.Build.0 = Debug|Win32
		{391C0E63-2ABD-4F61-8F32-AC6CD8321D34}.ReleaseStatic|Win32.ActiveCfg = Release|Win32
		{391C0E63-2ABD-4F61-8F32-AC6CD8321D34}.ReleaseStatic|Win32.Build.0 = Release|Win32
		{391C0E63-2ABD-4F61-8F32-AC6CD8321D34}.ReleaseStatic|x64.ActiveCfg = Release|x64
		{391C0E63-2ABD-4F61-8F32-AC6CD8321D34}.ReleaseStatic|x64.Build.0 = Release|x64
		{391C0E63-2ABD-4F61-8F32-AC6CD8321D34}.RelStatic|Any CPU.ActiveCfg = RelStatic|Win32
		{391C0E63-2ABD-4F61-8F32-AC6CD8321D34}.RelStatic|Win32.ActiveCfg = RelStatic|Win32
		{391C0E63-2ABD-4F61-8F32-AC6CD8321D34}.RelStatic|Win32.Build.0 = RelStatic|Win32
		{391C0E63-2ABD-4F61-8F32-AC6CD8321D34}.RelStatic|x64.ActiveCfg = RelStatic|x64
		{391C0E63-2ABD-4F61-8F32-AC6CD8321D34}.RelStatic|x64.Build.0 = RelStatic|x64
	EndGlobalSection
	GlobalSection(SolutionProperties) = preSolution
		HideSolutionNode = FALSE
	EndGlobalSection
	GlobalSection(ExtensibilityGlobals) = postSolution
		SolutionGuid = {AA20F43F-BFC7-45D1-826E-8C667021715E}
	EndGlobalSection
EndGlobal
